// !$*UTF8*$!
{
	archiveVersion = 1;
	classes = {
	};
	objectVersion = 50;
	objects = {

/* Begin PBXBuildFile section */
		F48C863D24F6C3AB00D0A41A /* AppDelegate.swift in Sources */ = {isa = PBXBuildFile; fileRef = F48C863C24F6C3AB00D0A41A /* AppDelegate.swift */; };
		F48C863F24F6C3AB00D0A41A /* SceneDelegate.swift in Sources */ = {isa = PBXBuildFile; fileRef = F48C863E24F6C3AB00D0A41A /* SceneDelegate.swift */; };
		F48C864124F6C3AB00D0A41A /* ContentView.swift in Sources */ = {isa = PBXBuildFile; fileRef = F48C864024F6C3AB00D0A41A /* ContentView.swift */; };
		F48C864324F6C3AD00D0A41A /* Assets.xcassets in Resources */ = {isa = PBXBuildFile; fileRef = F48C864224F6C3AD00D0A41A /* Assets.xcassets */; };
		F48C864624F6C3AD00D0A41A /* Preview Assets.xcassets in Resources */ = {isa = PBXBuildFile; fileRef = F48C864524F6C3AD00D0A41A /* Preview Assets.xcassets */; };
		F48C864924F6C3AD00D0A41A /* LaunchScreen.storyboard in Resources */ = {isa = PBXBuildFile; fileRef = F48C864724F6C3AD00D0A41A /* LaunchScreen.storyboard */; };
/* End PBXBuildFile section */

/* Begin PBXFileReference section */
		F48C863924F6C3AB00D0A41A /* swiftUI_study01_injeong.app */ = {isa = PBXFileReference; explicitFileType = wrapper.application; includeInIndex = 0; path = swiftUI_study01_injeong.app; sourceTree = BUILT_PRODUCTS_DIR; };
		F48C863C24F6C3AB00D0A41A /* AppDelegate.swift */ = {isa = PBXFileReference; lastKnownFileType = sourcecode.swift; path = AppDelegate.swift; sourceTree = "<group>"; };
		F48C863E24F6C3AB00D0A41A /* SceneDelegate.swift */ = {isa = PBXFileReference; lastKnownFileType = sourcecode.swift; path = SceneDelegate.swift; sourceTree = "<group>"; };
		F48C864024F6C3AB00D0A41A /* ContentView.swift */ = {isa = PBXFileReference; lastKnownFileType = sourcecode.swift; path = ContentView.swift; sourceTree = "<group>"; };
		F48C864224F6C3AD00D0A41A /* Assets.xcassets */ = {isa = PBXFileReference; lastKnownFileType = folder.assetcatalog; path = Assets.xcassets; sourceTree = "<group>"; };
		F48C864524F6C3AD00D0A41A /* Preview Assets.xcassets */ = {isa = PBXFileReference; lastKnownFileType = folder.assetcatalog; path = "Preview Assets.xcassets"; sourceTree = "<group>"; };
		F48C864824F6C3AD00D0A41A /* Base */ = {isa = PBXFileReference; lastKnownFileType = file.storyboard; name = Base; path = Base.lproj/LaunchScreen.storyboard; sourceTree = "<group>"; };
		F48C864A24F6C3AD00D0A41A /* Info.plist */ = {isa = PBXFileReference; lastKnownFileType = text.plist.xml; path = Info.plist; sourceTree = "<group>"; };
/* End PBXFileReference section */

/* Begin PBXFrameworksBuildPhase section */
		F48C863624F6C3AB00D0A41A /* Frameworks */ = {
			isa = PBXFrameworksBuildPhase;
			buildActionMask = 2147483647;
			files = (
			);
			runOnlyForDeploymentPostprocessing = 0;
		};
/* End PBXFrameworksBuildPhase section */

/* Begin PBXGroup section */
		F48C863024F6C3AB00D0A41A = {
			isa = PBXGroup;
			children = (
				F48C863B24F6C3AB00D0A41A /* swiftUI_study01_injeong */,
				F48C863A24F6C3AB00D0A41A /* Products */,
			);
			sourceTree = "<group>";
		};
		F48C863A24F6C3AB00D0A41A /* Products */ = {
			isa = PBXGroup;
			children = (
				F48C863924F6C3AB00D0A41A /* swiftUI_study01_injeong.app */,
			);
			name = Products;
			sourceTree = "<group>";
		};
		F48C863B24F6C3AB00D0A41A /* swiftUI_study01_injeong */ = {
			isa = PBXGroup;
			children = (
				F48C863C24F6C3AB00D0A41A /* AppDelegate.swift */,
				F48C863E24F6C3AB00D0A41A /* SceneDelegate.swift */,
				F48C864024F6C3AB00D0A41A /* ContentView.swift */,
				F48C864224F6C3AD00D0A41A /* Assets.xcassets */,
				F48C864724F6C3AD00D0A41A /* LaunchScreen.storyboard */,
				F48C864A24F6C3AD00D0A41A /* Info.plist */,
				F48C864424F6C3AD00D0A41A /* Preview Content */,
			);
			path = swiftUI_study01_injeong;
			sourceTree = "<group>";
		};
		F48C864424F6C3AD00D0A41A /* Preview Content */ = {
			isa = PBXGroup;
			children = (
				F48C864524F6C3AD00D0A41A /* Preview Assets.xcassets */,
			);
			path = "Preview Content";
			sourceTree = "<group>";
		};
/* End PBXGroup section */

/* Begin PBXNativeTarget section */
		F48C863824F6C3AB00D0A41A /* swiftUI_study01_injeong */ = {
			isa = PBXNativeTarget;
			buildConfigurationList = F48C864D24F6C3AE00D0A41A /* Build configuration list for PBXNativeTarget "swiftUI_study01_injeong" */;
			buildPhases = (
				F48C863524F6C3AB00D0A41A /* Sources */,
				F48C863624F6C3AB00D0A41A /* Frameworks */,
				F48C863724F6C3AB00D0A41A /* Resources */,
			);
			buildRules = (
			);
			dependencies = (
			);
			name = swiftUI_study01_injeong;
			productName = swiftUI_study01_injeong;
			productReference = F48C863924F6C3AB00D0A41A /* swiftUI_study01_injeong.app */;
			productType = "com.apple.product-type.application";
		};
/* End PBXNativeTarget section */

/* Begin PBXProject section */
		F48C863124F6C3AB00D0A41A /* Project object */ = {
			isa = PBXProject;
			attributes = {
				LastSwiftUpdateCheck = 1160;
				LastUpgradeCheck = 1160;
				ORGANIZATIONNAME = indoni;
				TargetAttributes = {
					F48C863824F6C3AB00D0A41A = {
						CreatedOnToolsVersion = 11.6;
					};
				};
			};
			buildConfigurationList = F48C863424F6C3AB00D0A41A /* Build configuration list for PBXProject "swiftUI_study01_injeong" */;
			compatibilityVersion = "Xcode 9.3";
			developmentRegion = en;
			hasScannedForEncodings = 0;
			knownRegions = (
				en,
				Base,
			);
			mainGroup = F48C863024F6C3AB00D0A41A;
			productRefGroup = F48C863A24F6C3AB00D0A41A /* Products */;
			projectDirPath = "";
			projectRoot = "";
			targets = (
				F48C863824F6C3AB00D0A41A /* swiftUI_study01_injeong */,
			);
		};
/* End PBXProject section */

/* Begin PBXResourcesBuildPhase section */
		F48C863724F6C3AB00D0A41A /* Resources */ = {
			isa = PBXResourcesBuildPhase;
			buildActionMask = 2147483647;
			files = (
				F48C864924F6C3AD00D0A41A /* LaunchScreen.storyboard in Resources */,
				F48C864624F6C3AD00D0A41A /* Preview Assets.xcassets in Resources */,
				F48C864324F6C3AD00D0A41A /* Assets.xcassets in Resources */,
			);
			runOnlyForDeploymentPostprocessing = 0;
		};
/* End PBXResourcesBuildPhase section */

/* Begin PBXSourcesBuildPhase section */
		F48C863524F6C3AB00D0A41A /* Sources */ = {
			isa = PBXSourcesBuildPhase;
			buildActionMask = 2147483647;
			files = (
				F48C863D24F6C3AB00D0A41A /* AppDelegate.swift in Sources */,
				F48C863F24F6C3AB00D0A41A /* SceneDelegate.swift in Sources */,
				F48C864124F6C3AB00D0A41A /* ContentView.swift in Sources */,
			);
			runOnlyForDeploymentPostprocessing = 0;
		};
/* End PBXSourcesBuildPhase section */

/* Begin PBXVariantGroup section */
		F48C864724F6C3AD00D0A41A /* LaunchScreen.storyboard */ = {
			isa = PBXVariantGroup;
			children = (
				F48C864824F6C3AD00D0A41A /* Base */,
			);
			name = LaunchScreen.storyboard;
			sourceTree = "<group>";
		};
/* End PBXVariantGroup section */

/* Begin XCBuildConfiguration section */
		F48C864B24F6C3AD00D0A41A /* Debug */ = {
			isa = XCBuildConfiguration;
			buildSettings = {
				ALWAYS_SEARCH_USER_PATHS = NO;
				CLANG_ANALYZER_NONNULL = YES;
				CLANG_ANALYZER_NUMBER_OBJECT_CONVERSION = YES_AGGRESSIVE;
				CLANG_CXX_LANGUAGE_STANDARD = "gnu++14";
				CLANG_CXX_LIBRARY = "libc++";
				CLANG_ENABLE_MODULES = YES;
				CLANG_ENABLE_OBJC_ARC = YES;
				CLANG_ENABLE_OBJC_WEAK = YES;
				CLANG_WARN_BLOCK_CAPTURE_AUTORELEASING = YES;
				CLANG_WARN_BOOL_CONVERSION = YES;
				CLANG_WARN_COMMA = YES;
				CLANG_WARN_CONSTANT_CONVERSION = YES;
				CLANG_WARN_DEPRECATED_OBJC_IMPLEMENTATIONS = YES;
				CLANG_WARN_DIRECT_OBJC_ISA_USAGE = YES_ERROR;
				CLANG_WARN_DOCUMENTATION_COMMENTS = YES;
				CLANG_WARN_EMPTY_BODY = YES;
				CLANG_WARN_ENUM_CONVERSION = YES;
				CLANG_WARN_INFINITE_RECURSION = YES;
				CLANG_WARN_INT_CONVERSION = YES;
				CLANG_WARN_NON_LITERAL_NULL_CONVERSION = YES;
				CLANG_WARN_OBJC_IMPLICIT_RETAIN_SELF = YES;
				CLANG_WARN_OBJC_LITERAL_CONVERSION = YES;
				CLANG_WARN_OBJC_ROOT_CLASS = YES_ERROR;
				CLANG_WARN_RANGE_LOOP_ANALYSIS = YES;
				CLANG_WARN_STRICT_PROTOTYPES = YES;
				CLANG_WARN_SUSPICIOUS_MOVE = YES;
				CLANG_WARN_UNGUARDED_AVAILABILITY = YES_AGGRESSIVE;
				CLANG_WARN_UNREACHABLE_CODE = YES;
				CLANG_WARN__DUPLICATE_METHOD_MATCH = YES;
				COPY_PHASE_STRIP = NO;
				DEBUG_INFORMATION_FORMAT = dwarf;
				ENABLE_STRICT_OBJC_MSGSEND = YES;
				ENABLE_TESTABILITY = YES;
				GCC_C_LANGUAGE_STANDARD = gnu11;
				GCC_DYNAMIC_NO_PIC = NO;
				GCC_NO_COMMON_BLOCKS = YES;
				GCC_OPTIMIZATION_LEVEL = 0;
				GCC_PREPROCESSOR_DEFINITIONS = (
					"DEBUG=1",
					"$(inherited)",
				);
				GCC_WARN_64_TO_32_BIT_CONVERSION = YES;
				GCC_WARN_ABOUT_RETURN_TYPE = YES_ERROR;
				GCC_WARN_UNDECLARED_SELECTOR = YES;
				GCC_WARN_UNINITIALIZED_AUTOS = YES_AGGRESSIVE;
				GCC_WARN_UNUSED_FUNCTION = YES;
				GCC_WARN_UNUSED_VARIABLE = YES;
				IPHONEOS_DEPLOYMENT_TARGET = 13.6;
				MTL_ENABLE_DEBUG_INFO = INCLUDE_SOURCE;
				MTL_FAST_MATH = YES;
				ONLY_ACTIVE_ARCH = YES;
				SDKROOT = iphoneos;
				SWIFT_ACTIVE_COMPILATION_CONDITIONS = DEBUG;
				SWIFT_OPTIMIZATION_LEVEL = "-Onone";
			};
			name = Debug;
		};
		F48C864C24F6C3AD00D0A41A /* Release */ = {
			isa = XCBuildConfiguration;
			buildSettings = {
				ALWAYS_SEARCH_USER_PATHS = NO;
				CLANG_ANALYZER_NONNULL = YES;
				CLANG_ANALYZER_NUMBER_OBJECT_CONVERSION = YES_AGGRESSIVE;
				CLANG_CXX_LANGUAGE_STANDARD = "gnu++14";
				CLANG_CXX_LIBRARY = "libc++";
				CLANG_ENABLE_MODULES = YES;
				CLANG_ENABLE_OBJC_ARC = YES;
				CLANG_ENABLE_OBJC_WEAK = YES;
				CLANG_WARN_BLOCK_CAPTURE_AUTORELEASING = YES;
				CLANG_WARN_BOOL_CONVERSION = YES;
				CLANG_WARN_COMMA = YES;
				CLANG_WARN_CONSTANT_CONVERSION = YES;
				CLANG_WARN_DEPRECATED_OBJC_IMPLEMENTATIONS = YES;
				CLANG_WARN_DIRECT_OBJC_ISA_USAGE = YES_ERROR;
				CLANG_WARN_DOCUMENTATION_COMMENTS = YES;
				CLANG_WARN_EMPTY_BODY = YES;
				CLANG_WARN_ENUM_CONVERSION = YES;
				CLANG_WARN_INFINITE_RECURSION = YES;
				CLANG_WARN_INT_CONVERSION = YES;
				CLANG_WARN_NON_LITERAL_NULL_CONVERSION = YES;
				CLANG_WARN_OBJC_IMPLICIT_RETAIN_SELF = YES;
				CLANG_WARN_OBJC_LITERAL_CONVERSION = YES;
				CLANG_WARN_OBJC_ROOT_CLASS = YES_ERROR;
				CLANG_WARN_RANGE_LOOP_ANALYSIS = YES;
				CLANG_WARN_STRICT_PROTOTYPES = YES;
				CLANG_WARN_SUSPICIOUS_MOVE = YES;
				CLANG_WARN_UNGUARDED_AVAILABILITY = YES_AGGRESSIVE;
				CLANG_WARN_UNREACHABLE_CODE = YES;
				CLANG_WARN__DUPLICATE_METHOD_MATCH = YES;
				COPY_PHASE_STRIP = NO;
				DEBUG_INFORMATION_FORMAT = "dwarf-with-dsym";
				ENABLE_NS_ASSERTIONS = NO;
				ENABLE_STRICT_OBJC_MSGSEND = YES;
				GCC_C_LANGUAGE_STANDARD = gnu11;
				GCC_NO_COMMON_BLOCKS = YES;
				GCC_WARN_64_TO_32_BIT_CONVERSION = YES;
				GCC_WARN_ABOUT_RETURN_TYPE = YES_ERROR;
				GCC_WARN_UNDECLARED_SELECTOR = YES;
				GCC_WARN_UNINITIALIZED_AUTOS = YES_AGGRESSIVE;
				GCC_WARN_UNUSED_FUNCTION = YES;
				GCC_WARN_UNUSED_VARIABLE = YES;
				IPHONEOS_DEPLOYMENT_TARGET = 13.6;
				MTL_ENABLE_DEBUG_INFO = NO;
				MTL_FAST_MATH = YES;
				SDKROOT = iphoneos;
				SWIFT_COMPILATION_MODE = wholemodule;
				SWIFT_OPTIMIZATION_LEVEL = "-O";
				VALIDATE_PRODUCT = YES;
			};
			name = Release;
		};
		F48C864E24F6C3AE00D0A41A /* Debug */ = {
			isa = XCBuildConfiguration;
			buildSettings = {
				ASSETCATALOG_COMPILER_APPICON_NAME = AppIcon;
				CODE_SIGN_STYLE = Automatic;
				DEVELOPMENT_ASSET_PATHS = "\"swiftUI_study01_injeong/Preview Content\"";
				ENABLE_PREVIEWS = YES;
				INFOPLIST_FILE = swiftUI_study01_injeong/Info.plist;
				LD_RUNPATH_SEARCH_PATHS = (
					"$(inherited)",
					"@executable_path/Frameworks",
				);
				PRODUCT_BUNDLE_IDENTIFIER = "com.tistory.indoni.swiftUI-study01-injeong";
				PRODUCT_NAME = "$(TARGET_NAME)";
				SWIFT_VERSION = 5.0;
				TARGETED_DEVICE_FAMILY = "1,2";
			};
			name = Debug;
		};
		F48C864F24F6C3AE00D0A41A /* Release */ = {
			isa = XCBuildConfiguration;
			buildSettings = {
				ASSETCATALOG_COMPILER_APPICON_NAME = AppIcon;
				CODE_SIGN_STYLE = Automatic;
				DEVELOPMENT_ASSET_PATHS = "\"swiftUI_study01_injeong/Preview Content\"";
				ENABLE_PREVIEWS = YES;
				INFOPLIST_FILE = swiftUI_study01_injeong/Info.plist;
				LD_RUNPATH_SEARCH_PATHS = (
					"$(inherited)",
					"@executable_path/Frameworks",
				);
				PRODUCT_BUNDLE_IDENTIFIER = "com.tistory.indoni.swiftUI-study01-injeong";
				PRODUCT_NAME = "$(TARGET_NAME)";
				SWIFT_VERSION = 5.0;
				TARGETED_DEVICE_FAMILY = "1,2";
			};
			name = Release;
		};
/* End XCBuildConfiguration section */

/* Begin XCConfigurationList section */
		F48C863424F6C3AB00D0A41A /* Build configuration list for PBXProject "swiftUI_study01_injeong" */ = {
			isa = XCConfigurationList;
			buildConfigurations = (
				F48C864B24F6C3AD00D0A41A /* Debug */,
				F48C864C24F6C3AD00D0A41A /* Release */,
			);
			defaultConfigurationIsVisible = 0;
			defaultConfigurationName = Release;
		};
		F48C864D24F6C3AE00D0A41A /* Build configuration list for PBXNativeTarget "swiftUI_study01_injeong" */ = {
			isa = XCConfigurationList;
			buildConfigurations = (
				F48C864E24F6C3AE00D0A41A /* Debug */,
				F48C864F24F6C3AE00D0A41A /* Release */,
			);
			defaultConfigurationIsVisible = 0;
			defaultConfigurationName = Release;
		};
/* End XCConfigurationList section */
	};
	rootObject = F48C863124F6C3AB00D0A41A /* Project object */;
}
