// !$*UTF8*$!
{
	archiveVersion = 1;
	classes = {
	};
	objectVersion = 50;
	objects = {

/* Begin PBXBuildFile section */
		F4EB5B7C2592395D00E2758D /* AppDelegate.swift in Sources */ = {isa = PBXBuildFile; fileRef = F4EB5B7B2592395D00E2758D /* AppDelegate.swift */; };
		F4EB5B7E2592395D00E2758D /* SceneDelegate.swift in Sources */ = {isa = PBXBuildFile; fileRef = F4EB5B7D2592395D00E2758D /* SceneDelegate.swift */; };
		F4EB5B802592395D00E2758D /* ContentView.swift in Sources */ = {isa = PBXBuildFile; fileRef = F4EB5B7F2592395D00E2758D /* ContentView.swift */; };
		F4EB5B822592395F00E2758D /* Assets.xcassets in Resources */ = {isa = PBXBuildFile; fileRef = F4EB5B812592395F00E2758D /* Assets.xcassets */; };
		F4EB5B852592395F00E2758D /* Preview Assets.xcassets in Resources */ = {isa = PBXBuildFile; fileRef = F4EB5B842592395F00E2758D /* Preview Assets.xcassets */; };
		F4EB5B882592395F00E2758D /* LaunchScreen.storyboard in Resources */ = {isa = PBXBuildFile; fileRef = F4EB5B862592395F00E2758D /* LaunchScreen.storyboard */; };
		F4EB5B932592396000E2758D /* _222SwiftUIStudyTests.swift in Sources */ = {isa = PBXBuildFile; fileRef = F4EB5B922592396000E2758D /* _222SwiftUIStudyTests.swift */; };
		F4EB5B9E2592396000E2758D /* _222SwiftUIStudyUITests.swift in Sources */ = {isa = PBXBuildFile; fileRef = F4EB5B9D2592396000E2758D /* _222SwiftUIStudyUITests.swift */; };
		F4EB5BB225923BC300E2758D /* SleepCalculator.mlmodel in Sources */ = {isa = PBXBuildFile; fileRef = F4EB5BB125923BC300E2758D /* SleepCalculator.mlmodel */; };
/* End PBXBuildFile section */

/* Begin PBXContainerItemProxy section */
		F4EB5B8F2592396000E2758D /* PBXContainerItemProxy */ = {
			isa = PBXContainerItemProxy;
			containerPortal = F4EB5B702592395D00E2758D /* Project object */;
			proxyType = 1;
			remoteGlobalIDString = F4EB5B772592395D00E2758D;
			remoteInfo = 1222SwiftUIStudy;
		};
		F4EB5B9A2592396000E2758D /* PBXContainerItemProxy */ = {
			isa = PBXContainerItemProxy;
			containerPortal = F4EB5B702592395D00E2758D /* Project object */;
			proxyType = 1;
			remoteGlobalIDString = F4EB5B772592395D00E2758D;
			remoteInfo = 1222SwiftUIStudy;
		};
/* End PBXContainerItemProxy section */

/* Begin PBXFileReference section */
		F4EB5B782592395D00E2758D /* 1222SwiftUIStudy.app */ = {isa = PBXFileReference; explicitFileType = wrapper.application; includeInIndex = 0; path = 1222SwiftUIStudy.app; sourceTree = BUILT_PRODUCTS_DIR; };
		F4EB5B7B2592395D00E2758D /* AppDelegate.swift */ = {isa = PBXFileReference; lastKnownFileType = sourcecode.swift; path = AppDelegate.swift; sourceTree = "<group>"; };
		F4EB5B7D2592395D00E2758D /* SceneDelegate.swift */ = {isa = PBXFileReference; lastKnownFileType = sourcecode.swift; path = SceneDelegate.swift; sourceTree = "<group>"; };
		F4EB5B7F2592395D00E2758D /* ContentView.swift */ = {isa = PBXFileReference; lastKnownFileType = sourcecode.swift; path = ContentView.swift; sourceTree = "<group>"; };
		F4EB5B812592395F00E2758D /* Assets.xcassets */ = {isa = PBXFileReference; lastKnownFileType = folder.assetcatalog; path = Assets.xcassets; sourceTree = "<group>"; };
		F4EB5B842592395F00E2758D /* Preview Assets.xcassets */ = {isa = PBXFileReference; lastKnownFileType = folder.assetcatalog; path = "Preview Assets.xcassets"; sourceTree = "<group>"; };
		F4EB5B872592395F00E2758D /* Base */ = {isa = PBXFileReference; lastKnownFileType = file.storyboard; name = Base; path = Base.lproj/LaunchScreen.storyboard; sourceTree = "<group>"; };
		F4EB5B892592395F00E2758D /* Info.plist */ = {isa = PBXFileReference; lastKnownFileType = text.plist.xml; path = Info.plist; sourceTree = "<group>"; };
		F4EB5B8E2592396000E2758D /* 1222SwiftUIStudyTests.xctest */ = {isa = PBXFileReference; explicitFileType = wrapper.cfbundle; includeInIndex = 0; path = 1222SwiftUIStudyTests.xctest; sourceTree = BUILT_PRODUCTS_DIR; };
		F4EB5B922592396000E2758D /* _222SwiftUIStudyTests.swift */ = {isa = PBXFileReference; lastKnownFileType = sourcecode.swift; path = _222SwiftUIStudyTests.swift; sourceTree = "<group>"; };
		F4EB5B942592396000E2758D /* Info.plist */ = {isa = PBXFileReference; lastKnownFileType = text.plist.xml; path = Info.plist; sourceTree = "<group>"; };
		F4EB5B992592396000E2758D /* 1222SwiftUIStudyUITests.xctest */ = {isa = PBXFileReference; explicitFileType = wrapper.cfbundle; includeInIndex = 0; path = 1222SwiftUIStudyUITests.xctest; sourceTree = BUILT_PRODUCTS_DIR; };
		F4EB5B9D2592396000E2758D /* _222SwiftUIStudyUITests.swift */ = {isa = PBXFileReference; lastKnownFileType = sourcecode.swift; path = _222SwiftUIStudyUITests.swift; sourceTree = "<group>"; };
		F4EB5B9F2592396000E2758D /* Info.plist */ = {isa = PBXFileReference; lastKnownFileType = text.plist.xml; path = Info.plist; sourceTree = "<group>"; };
		F4EB5BB125923BC300E2758D /* SleepCalculator.mlmodel */ = {isa = PBXFileReference; lastKnownFileType = file.mlmodel; path = SleepCalculator.mlmodel; sourceTree = "<group>"; };
/* End PBXFileReference section */

/* Begin PBXFrameworksBuildPhase section */
		F4EB5B752592395D00E2758D /* Frameworks */ = {
			isa = PBXFrameworksBuildPhase;
			buildActionMask = 2147483647;
			files = (
			);
			runOnlyForDeploymentPostprocessing = 0;
		};
		F4EB5B8B2592396000E2758D /* Frameworks */ = {
			isa = PBXFrameworksBuildPhase;
			buildActionMask = 2147483647;
			files = (
			);
			runOnlyForDeploymentPostprocessing = 0;
		};
		F4EB5B962592396000E2758D /* Frameworks */ = {
			isa = PBXFrameworksBuildPhase;
			buildActionMask = 2147483647;
			files = (
			);
			runOnlyForDeploymentPostprocessing = 0;
		};
/* End PBXFrameworksBuildPhase section */

/* Begin PBXGroup section */
		F4EB5B6F2592395D00E2758D = {
			isa = PBXGroup;
			children = (
				F4EB5B7A2592395D00E2758D /* 1222SwiftUIStudy */,
				F4EB5B912592396000E2758D /* 1222SwiftUIStudyTests */,
				F4EB5B9C2592396000E2758D /* 1222SwiftUIStudyUITests */,
				F4EB5B792592395D00E2758D /* Products */,
			);
			sourceTree = "<group>";
		};
		F4EB5B792592395D00E2758D /* Products */ = {
			isa = PBXGroup;
			children = (
				F4EB5B782592395D00E2758D /* 1222SwiftUIStudy.app */,
				F4EB5B8E2592396000E2758D /* 1222SwiftUIStudyTests.xctest */,
				F4EB5B992592396000E2758D /* 1222SwiftUIStudyUITests.xctest */,
			);
			name = Products;
			sourceTree = "<group>";
		};
		F4EB5B7A2592395D00E2758D /* 1222SwiftUIStudy */ = {
			isa = PBXGroup;
			children = (
				F4EB5B7B2592395D00E2758D /* AppDelegate.swift */,
				F4EB5B7D2592395D00E2758D /* SceneDelegate.swift */,
				F4EB5B7F2592395D00E2758D /* ContentView.swift */,
				F4EB5B812592395F00E2758D /* Assets.xcassets */,
				F4EB5B862592395F00E2758D /* LaunchScreen.storyboard */,
				F4EB5B892592395F00E2758D /* Info.plist */,
				F4EB5BB125923BC300E2758D /* SleepCalculator.mlmodel */,
				F4EB5B832592395F00E2758D /* Preview Content */,
			);
			path = 1222SwiftUIStudy;
			sourceTree = "<group>";
		};
		F4EB5B832592395F00E2758D /* Preview Content */ = {
			isa = PBXGroup;
			children = (
				F4EB5B842592395F00E2758D /* Preview Assets.xcassets */,
			);
			path = "Preview Content";
			sourceTree = "<group>";
		};
		F4EB5B912592396000E2758D /* 1222SwiftUIStudyTests */ = {
			isa = PBXGroup;
			children = (
				F4EB5B922592396000E2758D /* _222SwiftUIStudyTests.swift */,
				F4EB5B942592396000E2758D /* Info.plist */,
			);
			path = 1222SwiftUIStudyTests;
			sourceTree = "<group>";
		};
		F4EB5B9C2592396000E2758D /* 1222SwiftUIStudyUITests */ = {
			isa = PBXGroup;
			children = (
				F4EB5B9D2592396000E2758D /* _222SwiftUIStudyUITests.swift */,
				F4EB5B9F2592396000E2758D /* Info.plist */,
			);
			path = 1222SwiftUIStudyUITests;
			sourceTree = "<group>";
		};
/* End PBXGroup section */

/* Begin PBXNativeTarget section */
		F4EB5B772592395D00E2758D /* 1222SwiftUIStudy */ = {
			isa = PBXNativeTarget;
			buildConfigurationList = F4EB5BA22592396000E2758D /* Build configuration list for PBXNativeTarget "1222SwiftUIStudy" */;
			buildPhases = (
				F4EB5B742592395D00E2758D /* Sources */,
				F4EB5B752592395D00E2758D /* Frameworks */,
				F4EB5B762592395D00E2758D /* Resources */,
			);
			buildRules = (
			);
			dependencies = (
			);
			name = 1222SwiftUIStudy;
			productName = 1222SwiftUIStudy;
			productReference = F4EB5B782592395D00E2758D /* 1222SwiftUIStudy.app */;
			productType = "com.apple.product-type.application";
		};
		F4EB5B8D2592396000E2758D /* 1222SwiftUIStudyTests */ = {
			isa = PBXNativeTarget;
			buildConfigurationList = F4EB5BA52592396000E2758D /* Build configuration list for PBXNativeTarget "1222SwiftUIStudyTests" */;
			buildPhases = (
				F4EB5B8A2592396000E2758D /* Sources */,
				F4EB5B8B2592396000E2758D /* Frameworks */,
				F4EB5B8C2592396000E2758D /* Resources */,
			);
			buildRules = (
			);
			dependencies = (
				F4EB5B902592396000E2758D /* PBXTargetDependency */,
			);
			name = 1222SwiftUIStudyTests;
			productName = 1222SwiftUIStudyTests;
			productReference = F4EB5B8E2592396000E2758D /* 1222SwiftUIStudyTests.xctest */;
			productType = "com.apple.product-type.bundle.unit-test";
		};
		F4EB5B982592396000E2758D /* 1222SwiftUIStudyUITests */ = {
			isa = PBXNativeTarget;
			buildConfigurationList = F4EB5BA82592396000E2758D /* Build configuration list for PBXNativeTarget "1222SwiftUIStudyUITests" */;
			buildPhases = (
				F4EB5B952592396000E2758D /* Sources */,
				F4EB5B962592396000E2758D /* Frameworks */,
				F4EB5B972592396000E2758D /* Resources */,
			);
			buildRules = (
			);
			dependencies = (
				F4EB5B9B2592396000E2758D /* PBXTargetDependency */,
			);
			name = 1222SwiftUIStudyUITests;
			productName = 1222SwiftUIStudyUITests;
			productReference = F4EB5B992592396000E2758D /* 1222SwiftUIStudyUITests.xctest */;
			productType = "com.apple.product-type.bundle.ui-testing";
		};
/* End PBXNativeTarget section */

/* Begin PBXProject section */
		F4EB5B702592395D00E2758D /* Project object */ = {
			isa = PBXProject;
			attributes = {
				LastSwiftUpdateCheck = 1230;
				LastUpgradeCheck = 1230;
				TargetAttributes = {
					F4EB5B772592395D00E2758D = {
						CreatedOnToolsVersion = 12.3;
					};
					F4EB5B8D2592396000E2758D = {
						CreatedOnToolsVersion = 12.3;
						TestTargetID = F4EB5B772592395D00E2758D;
					};
					F4EB5B982592396000E2758D = {
						CreatedOnToolsVersion = 12.3;
						TestTargetID = F4EB5B772592395D00E2758D;
					};
				};
			};
			buildConfigurationList = F4EB5B732592395D00E2758D /* Build configuration list for PBXProject "1222SwiftUIStudy" */;
			compatibilityVersion = "Xcode 9.3";
			developmentRegion = en;
			hasScannedForEncodings = 0;
			knownRegions = (
				en,
				Base,
			);
			mainGroup = F4EB5B6F2592395D00E2758D;
			productRefGroup = F4EB5B792592395D00E2758D /* Products */;
			projectDirPath = "";
			projectRoot = "";
			targets = (
				F4EB5B772592395D00E2758D /* 1222SwiftUIStudy */,
				F4EB5B8D2592396000E2758D /* 1222SwiftUIStudyTests */,
				F4EB5B982592396000E2758D /* 1222SwiftUIStudyUITests */,
			);
		};
/* End PBXProject section */

/* Begin PBXResourcesBuildPhase section */
		F4EB5B762592395D00E2758D /* Resources */ = {
			isa = PBXResourcesBuildPhase;
			buildActionMask = 2147483647;
			files = (
				F4EB5B882592395F00E2758D /* LaunchScreen.storyboard in Resources */,
				F4EB5B852592395F00E2758D /* Preview Assets.xcassets in Resources */,
				F4EB5B822592395F00E2758D /* Assets.xcassets in Resources */,
			);
			runOnlyForDeploymentPostprocessing = 0;
		};
		F4EB5B8C2592396000E2758D /* Resources */ = {
			isa = PBXResourcesBuildPhase;
			buildActionMask = 2147483647;
			files = (
			);
			runOnlyForDeploymentPostprocessing = 0;
		};
		F4EB5B972592396000E2758D /* Resources */ = {
			isa = PBXResourcesBuildPhase;
			buildActionMask = 2147483647;
			files = (
			);
			runOnlyForDeploymentPostprocessing = 0;
		};
/* End PBXResourcesBuildPhase section */

/* Begin PBXSourcesBuildPhase section */
		F4EB5B742592395D00E2758D /* Sources */ = {
			isa = PBXSourcesBuildPhase;
			buildActionMask = 2147483647;
			files = (
				F4EB5B7C2592395D00E2758D /* AppDelegate.swift in Sources */,
				F4EB5B7E2592395D00E2758D /* SceneDelegate.swift in Sources */,
				F4EB5BB225923BC300E2758D /* SleepCalculator.mlmodel in Sources */,
				F4EB5B802592395D00E2758D /* ContentView.swift in Sources */,
			);
			runOnlyForDeploymentPostprocessing = 0;
		};
		F4EB5B8A2592396000E2758D /* Sources */ = {
			isa = PBXSourcesBuildPhase;
			buildActionMask = 2147483647;
			files = (
				F4EB5B932592396000E2758D /* _222SwiftUIStudyTests.swift in Sources */,
			);
			runOnlyForDeploymentPostprocessing = 0;
		};
		F4EB5B952592396000E2758D /* Sources */ = {
			isa = PBXSourcesBuildPhase;
			buildActionMask = 2147483647;
			files = (
				F4EB5B9E2592396000E2758D /* _222SwiftUIStudyUITests.swift in Sources */,
			);
			runOnlyForDeploymentPostprocessing = 0;
		};
/* End PBXSourcesBuildPhase section */

/* Begin PBXTargetDependency section */
		F4EB5B902592396000E2758D /* PBXTargetDependency */ = {
			isa = PBXTargetDependency;
			target = F4EB5B772592395D00E2758D /* 1222SwiftUIStudy */;
			targetProxy = F4EB5B8F2592396000E2758D /* PBXContainerItemProxy */;
		};
		F4EB5B9B2592396000E2758D /* PBXTargetDependency */ = {
			isa = PBXTargetDependency;
			target = F4EB5B772592395D00E2758D /* 1222SwiftUIStudy */;
			targetProxy = F4EB5B9A2592396000E2758D /* PBXContainerItemProxy */;
		};
/* End PBXTargetDependency section */

/* Begin PBXVariantGroup section */
		F4EB5B862592395F00E2758D /* LaunchScreen.storyboard */ = {
			isa = PBXVariantGroup;
			children = (
				F4EB5B872592395F00E2758D /* Base */,
			);
			name = LaunchScreen.storyboard;
			sourceTree = "<group>";
		};
/* End PBXVariantGroup section */

/* Begin XCBuildConfiguration section */
		F4EB5BA02592396000E2758D /* Debug */ = {
			isa = XCBuildConfiguration;
			buildSettings = {
				ALWAYS_SEARCH_USER_PATHS = NO;
				CLANG_ANALYZER_NONNULL = YES;
				CLANG_ANALYZER_NUMBER_OBJECT_CONVERSION = YES_AGGRESSIVE;
				CLANG_CXX_LANGUAGE_STANDARD = "gnu++14";
				CLANG_CXX_LIBRARY = "libc++";
				CLANG_ENABLE_MODULES = YES;
				CLANG_ENABLE_OBJC_ARC = YES;
				CLANG_ENABLE_OBJC_WEAK = YES;
				CLANG_WARN_BLOCK_CAPTURE_AUTORELEASING = YES;
				CLANG_WARN_BOOL_CONVERSION = YES;
				CLANG_WARN_COMMA = YES;
				CLANG_WARN_CONSTANT_CONVERSION = YES;
				CLANG_WARN_DEPRECATED_OBJC_IMPLEMENTATIONS = YES;
				CLANG_WARN_DIRECT_OBJC_ISA_USAGE = YES_ERROR;
				CLANG_WARN_DOCUMENTATION_COMMENTS = YES;
				CLANG_WARN_EMPTY_BODY = YES;
				CLANG_WARN_ENUM_CONVERSION = YES;
				CLANG_WARN_INFINITE_RECURSION = YES;
				CLANG_WARN_INT_CONVERSION = YES;
				CLANG_WARN_NON_LITERAL_NULL_CONVERSION = YES;
				CLANG_WARN_OBJC_IMPLICIT_RETAIN_SELF = YES;
				CLANG_WARN_OBJC_LITERAL_CONVERSION = YES;
				CLANG_WARN_OBJC_ROOT_CLASS = YES_ERROR;
				CLANG_WARN_QUOTED_INCLUDE_IN_FRAMEWORK_HEADER = YES;
				CLANG_WARN_RANGE_LOOP_ANALYSIS = YES;
				CLANG_WARN_STRICT_PROTOTYPES = YES;
				CLANG_WARN_SUSPICIOUS_MOVE = YES;
				CLANG_WARN_UNGUARDED_AVAILABILITY = YES_AGGRESSIVE;
				CLANG_WARN_UNREACHABLE_CODE = YES;
				CLANG_WARN__DUPLICATE_METHOD_MATCH = YES;
				COPY_PHASE_STRIP = NO;
				DEBUG_INFORMATION_FORMAT = dwarf;
				ENABLE_STRICT_OBJC_MSGSEND = YES;
				ENABLE_TESTABILITY = YES;
				GCC_C_LANGUAGE_STANDARD = gnu11;
				GCC_DYNAMIC_NO_PIC = NO;
				GCC_NO_COMMON_BLOCKS = YES;
				GCC_OPTIMIZATION_LEVEL = 0;
				GCC_PREPROCESSOR_DEFINITIONS = (
					"DEBUG=1",
					"$(inherited)",
				);
				GCC_WARN_64_TO_32_BIT_CONVERSION = YES;
				GCC_WARN_ABOUT_RETURN_TYPE = YES_ERROR;
				GCC_WARN_UNDECLARED_SELECTOR = YES;
				GCC_WARN_UNINITIALIZED_AUTOS = YES_AGGRESSIVE;
				GCC_WARN_UNUSED_FUNCTION = YES;
				GCC_WARN_UNUSED_VARIABLE = YES;
				IPHONEOS_DEPLOYMENT_TARGET = 14.3;
				MTL_ENABLE_DEBUG_INFO = INCLUDE_SOURCE;
				MTL_FAST_MATH = YES;
				ONLY_ACTIVE_ARCH = YES;
				SDKROOT = iphoneos;
				SWIFT_ACTIVE_COMPILATION_CONDITIONS = DEBUG;
				SWIFT_OPTIMIZATION_LEVEL = "-Onone";
			};
			name = Debug;
		};
		F4EB5BA12592396000E2758D /* Release */ = {
			isa = XCBuildConfiguration;
			buildSettings = {
				ALWAYS_SEARCH_USER_PATHS = NO;
				CLANG_ANALYZER_NONNULL = YES;
				CLANG_ANALYZER_NUMBER_OBJECT_CONVERSION = YES_AGGRESSIVE;
				CLANG_CXX_LANGUAGE_STANDARD = "gnu++14";
				CLANG_CXX_LIBRARY = "libc++";
				CLANG_ENABLE_MODULES = YES;
				CLANG_ENABLE_OBJC_ARC = YES;
				CLANG_ENABLE_OBJC_WEAK = YES;
				CLANG_WARN_BLOCK_CAPTURE_AUTORELEASING = YES;
				CLANG_WARN_BOOL_CONVERSION = YES;
				CLANG_WARN_COMMA = YES;
				CLANG_WARN_CONSTANT_CONVERSION = YES;
				CLANG_WARN_DEPRECATED_OBJC_IMPLEMENTATIONS = YES;
				CLANG_WARN_DIRECT_OBJC_ISA_USAGE = YES_ERROR;
				CLANG_WARN_DOCUMENTATION_COMMENTS = YES;
				CLANG_WARN_EMPTY_BODY = YES;
				CLANG_WARN_ENUM_CONVERSION = YES;
				CLANG_WARN_INFINITE_RECURSION = YES;
				CLANG_WARN_INT_CONVERSION = YES;
				CLANG_WARN_NON_LITERAL_NULL_CONVERSION = YES;
				CLANG_WARN_OBJC_IMPLICIT_RETAIN_SELF = YES;
				CLANG_WARN_OBJC_LITERAL_CONVERSION = YES;
				CLANG_WARN_OBJC_ROOT_CLASS = YES_ERROR;
				CLANG_WARN_QUOTED_INCLUDE_IN_FRAMEWORK_HEADER = YES;
				CLANG_WARN_RANGE_LOOP_ANALYSIS = YES;
				CLANG_WARN_STRICT_PROTOTYPES = YES;
				CLANG_WARN_SUSPICIOUS_MOVE = YES;
				CLANG_WARN_UNGUARDED_AVAILABILITY = YES_AGGRESSIVE;
				CLANG_WARN_UNREACHABLE_CODE = YES;
				CLANG_WARN__DUPLICATE_METHOD_MATCH = YES;
				COPY_PHASE_STRIP = NO;
				DEBUG_INFORMATION_FORMAT = "dwarf-with-dsym";
				ENABLE_NS_ASSERTIONS = NO;
				ENABLE_STRICT_OBJC_MSGSEND = YES;
				GCC_C_LANGUAGE_STANDARD = gnu11;
				GCC_NO_COMMON_BLOCKS = YES;
				GCC_WARN_64_TO_32_BIT_CONVERSION = YES;
				GCC_WARN_ABOUT_RETURN_TYPE = YES_ERROR;
				GCC_WARN_UNDECLARED_SELECTOR = YES;
				GCC_WARN_UNINITIALIZED_AUTOS = YES_AGGRESSIVE;
				GCC_WARN_UNUSED_FUNCTION = YES;
				GCC_WARN_UNUSED_VARIABLE = YES;
				IPHONEOS_DEPLOYMENT_TARGET = 14.3;
				MTL_ENABLE_DEBUG_INFO = NO;
				MTL_FAST_MATH = YES;
				SDKROOT = iphoneos;
				SWIFT_COMPILATION_MODE = wholemodule;
				SWIFT_OPTIMIZATION_LEVEL = "-O";
				VALIDATE_PRODUCT = YES;
			};
			name = Release;
		};
		F4EB5BA32592396000E2758D /* Debug */ = {
			isa = XCBuildConfiguration;
			buildSettings = {
				ASSETCATALOG_COMPILER_APPICON_NAME = AppIcon;
				ASSETCATALOG_COMPILER_GLOBAL_ACCENT_COLOR_NAME = AccentColor;
				CODE_SIGN_STYLE = Automatic;
				DEVELOPMENT_ASSET_PATHS = "\"1222SwiftUIStudy/Preview Content\"";
				ENABLE_PREVIEWS = YES;
				INFOPLIST_FILE = 1222SwiftUIStudy/Info.plist;
				LD_RUNPATH_SEARCH_PATHS = (
					"$(inherited)",
					"@executable_path/Frameworks",
				);
				PRODUCT_BUNDLE_IDENTIFIER = "com.tistory.indoni.-222SwiftUIStudy";
				PRODUCT_NAME = "$(TARGET_NAME)";
				SWIFT_VERSION = 5.0;
				TARGETED_DEVICE_FAMILY = "1,2";
			};
			name = Debug;
		};
		F4EB5BA42592396000E2758D /* Release */ = {
			isa = XCBuildConfiguration;
			buildSettings = {
				ASSETCATALOG_COMPILER_APPICON_NAME = AppIcon;
				ASSETCATALOG_COMPILER_GLOBAL_ACCENT_COLOR_NAME = AccentColor;
				CODE_SIGN_STYLE = Automatic;
				DEVELOPMENT_ASSET_PATHS = "\"1222SwiftUIStudy/Preview Content\"";
				ENABLE_PREVIEWS = YES;
				INFOPLIST_FILE = 1222SwiftUIStudy/Info.plist;
				LD_RUNPATH_SEARCH_PATHS = (
					"$(inherited)",
					"@executable_path/Frameworks",
				);
				PRODUCT_BUNDLE_IDENTIFIER = "com.tistory.indoni.-222SwiftUIStudy";
				PRODUCT_NAME = "$(TARGET_NAME)";
				SWIFT_VERSION = 5.0;
				TARGETED_DEVICE_FAMILY = "1,2";
			};
			name = Release;
		};
		F4EB5BA62592396000E2758D /* Debug */ = {
			isa = XCBuildConfiguration;
			buildSettings = {
				ALWAYS_EMBED_SWIFT_STANDARD_LIBRARIES = YES;
				BUNDLE_LOADER = "$(TEST_HOST)";
				CODE_SIGN_STYLE = Automatic;
				INFOPLIST_FILE = 1222SwiftUIStudyTests/Info.plist;
				IPHONEOS_DEPLOYMENT_TARGET = 14.3;
				LD_RUNPATH_SEARCH_PATHS = (
					"$(inherited)",
					"@executable_path/Frameworks",
					"@loader_path/Frameworks",
				);
				PRODUCT_BUNDLE_IDENTIFIER = "com.tistory.indoni.-222SwiftUIStudyTests";
				PRODUCT_NAME = "$(TARGET_NAME)";
				SWIFT_VERSION = 5.0;
				TARGETED_DEVICE_FAMILY = "1,2";
				TEST_HOST = "$(BUILT_PRODUCTS_DIR)/1222SwiftUIStudy.app/1222SwiftUIStudy";
			};
			name = Debug;
		};
		F4EB5BA72592396000E2758D /* Release */ = {
			isa = XCBuildConfiguration;
			buildSettings = {
				ALWAYS_EMBED_SWIFT_STANDARD_LIBRARIES = YES;
				BUNDLE_LOADER = "$(TEST_HOST)";
				CODE_SIGN_STYLE = Automatic;
				INFOPLIST_FILE = 1222SwiftUIStudyTests/Info.plist;
				IPHONEOS_DEPLOYMENT_TARGET = 14.3;
				LD_RUNPATH_SEARCH_PATHS = (
					"$(inherited)",
					"@executable_path/Frameworks",
					"@loader_path/Frameworks",
				);
				PRODUCT_BUNDLE_IDENTIFIER = "com.tistory.indoni.-222SwiftUIStudyTests";
				PRODUCT_NAME = "$(TARGET_NAME)";
				SWIFT_VERSION = 5.0;
				TARGETED_DEVICE_FAMILY = "1,2";
				TEST_HOST = "$(BUILT_PRODUCTS_DIR)/1222SwiftUIStudy.app/1222SwiftUIStudy";
			};
			name = Release;
		};
		F4EB5BA92592396000E2758D /* Debug */ = {
			isa = XCBuildConfiguration;
			buildSettings = {
				ALWAYS_EMBED_SWIFT_STANDARD_LIBRARIES = YES;
				CODE_SIGN_STYLE = Automatic;
				INFOPLIST_FILE = 1222SwiftUIStudyUITests/Info.plist;
				LD_RUNPATH_SEARCH_PATHS = (
					"$(inherited)",
					"@executable_path/Frameworks",
					"@loader_path/Frameworks",
				);
				PRODUCT_BUNDLE_IDENTIFIER = "com.tistory.indoni.-222SwiftUIStudyUITests";
				PRODUCT_NAME = "$(TARGET_NAME)";
				SWIFT_VERSION = 5.0;
				TARGETED_DEVICE_FAMILY = "1,2";
				TEST_TARGET_NAME = 1222SwiftUIStudy;
			};
			name = Debug;
		};
		F4EB5BAA2592396000E2758D /* Release */ = {
			isa = XCBuildConfiguration;
			buildSettings = {
				ALWAYS_EMBED_SWIFT_STANDARD_LIBRARIES = YES;
				CODE_SIGN_STYLE = Automatic;
				INFOPLIST_FILE = 1222SwiftUIStudyUITests/Info.plist;
				LD_RUNPATH_SEARCH_PATHS = (
					"$(inherited)",
					"@executable_path/Frameworks",
					"@loader_path/Frameworks",
				);
				PRODUCT_BUNDLE_IDENTIFIER = "com.tistory.indoni.-222SwiftUIStudyUITests";
				PRODUCT_NAME = "$(TARGET_NAME)";
				SWIFT_VERSION = 5.0;
				TARGETED_DEVICE_FAMILY = "1,2";
				TEST_TARGET_NAME = 1222SwiftUIStudy;
			};
			name = Release;
		};
/* End XCBuildConfiguration section */

/* Begin XCConfigurationList section */
		F4EB5B732592395D00E2758D /* Build configuration list for PBXProject "1222SwiftUIStudy" */ = {
			isa = XCConfigurationList;
			buildConfigurations = (
				F4EB5BA02592396000E2758D /* Debug */,
				F4EB5BA12592396000E2758D /* Release */,
			);
			defaultConfigurationIsVisible = 0;
			defaultConfigurationName = Release;
		};
		F4EB5BA22592396000E2758D /* Build configuration list for PBXNativeTarget "1222SwiftUIStudy" */ = {
			isa = XCConfigurationList;
			buildConfigurations = (
				F4EB5BA32592396000E2758D /* Debug */,
				F4EB5BA42592396000E2758D /* Release */,
			);
			defaultConfigurationIsVisible = 0;
			defaultConfigurationName = Release;
		};
		F4EB5BA52592396000E2758D /* Build configuration list for PBXNativeTarget "1222SwiftUIStudyTests" */ = {
			isa = XCConfigurationList;
			buildConfigurations = (
				F4EB5BA62592396000E2758D /* Debug */,
				F4EB5BA72592396000E2758D /* Release */,
			);
			defaultConfigurationIsVisible = 0;
			defaultConfigurationName = Release;
		};
		F4EB5BA82592396000E2758D /* Build configuration list for PBXNativeTarget "1222SwiftUIStudyUITests" */ = {
			isa = XCConfigurationList;
			buildConfigurations = (
				F4EB5BA92592396000E2758D /* Debug */,
				F4EB5BAA2592396000E2758D /* Release */,
			);
			defaultConfigurationIsVisible = 0;
			defaultConfigurationName = Release;
		};
/* End XCConfigurationList section */
	};
	rootObject = F4EB5B702592395D00E2758D /* Project object */;
}
